
Microsoft Visual Studio Solution File, Format Version 12.00
# Visual Studio Version 16
VisualStudioVersion = 16.0.30523.141
MinimumVisualStudioVersion = 10.0.40219.1
Project("{FAE04EC0-301F-11D3-BF4B-00C04F79EFBC}") = "Implementation", "Implementation\Implementation.csproj", "{77034383-2D18-48C5-8EEB-AF1C95763254}"
EndProject
Project("{FAE04EC0-301F-11D3-BF4B-00C04F79EFBC}") = "TestAllClasses", "TestAllClasses\TestAllClasses.csproj", "{DCF7DB2F-DECF-47D5-8732-E338D8442FF4}"
EndProject
Project("{FAE04EC0-301F-11D3-BF4B-00C04F79EFBC}") = "TestOnlyConcreteClasses", "TestOnlyConcreteClasses\TestOnlyConcreteClasses.csproj", "{E9C6B6F0-5974-490D-B883-DA5FAAD26CA9}"
EndProject
Global
	GlobalSection(SolutionConfigurationPlatforms) = preSolution
		Debug|Any CPU = Debug|Any CPU
		Release|Any CPU = Release|Any CPU
	EndGlobalSection
	GlobalSection(ProjectConfigurationPlatforms) = postSolution
		{77034383-2D18-48C5-8EEB-AF1C95763254}.Debug|Any CPU.ActiveCfg = Debug|Any CPU
		{77034383-2D18-48C5-8EEB-AF1C95763254}.Debug|Any CPU.Build.0 = Debug|Any CPU
		{77034383-2D18-48C5-8EEB-AF1C95763254}.Release|Any CPU.ActiveCfg = Release|Any CPU
		{77034383-2D18-48C5-8EEB-AF1C95763254}.Release|Any CPU.Build.0 = Release|Any CPU
		{DCF7DB2F-DECF-47D5-8732-E338D8442FF4}.Debug|Any CPU.ActiveCfg = Debug|Any CPU
		{DCF7DB2F-DECF-47D5-8732-E338D8442FF4}.Debug|Any CPU.Build.0 = Debug|Any CPU
		{DCF7DB2F-DECF-47D5-8732-E338D8442FF4}.Release|Any CPU.ActiveCfg = Release|Any CPU
		{DCF7DB2F-DECF-47D5-8732-E338D8442FF4}.Release|Any CPU.Build.0 = Release|Any CPU
		{E9C6B6F0-5974-490D-B883-DA5FAAD26CA9}.Debug|Any CPU.ActiveCfg = Debug|Any CPU
		{E9C6B6F0-5974-490D-B883-DA5FAAD26CA9}.Debug|Any CPU.Build.0 = Debug|Any CPU
		{E9C6B6F0-5974-490D-B883-DA5FAAD26CA9}.Release|Any CPU.ActiveCfg = Release|Any CPU
		{E9C6B6F0-5974-490D-B883-DA5FAAD26CA9}.Release|Any CPU.Build.0 = Release|Any CPU
	EndGlobalSection
	GlobalSection(SolutionProperties) = preSolution
		HideSolutionNode = FALSE
	EndGlobalSection
	GlobalSection(ExtensibilityGlobals) = postSolution
		SolutionGuid = {BE1A8510-C39E-424B-9CA2-AE01A1EAF344}
	EndGlobalSection
EndGlobal
